
Microsoft Visual Studio Solution File, Format Version 12.00
# Visual Studio 15
VisualStudioVersion = 15.0.27428.2043
MinimumVisualStudioVersion = 10.0.40219.1
Project("{FAE04EC0-301F-11D3-BF4B-00C04F79EFBC}") = "MeuPrimeiroProjetoWeb", "MeuPrimeiroProjetoWeb\MeuPrimeiroProjetoWeb.csproj", "{B43736A3-7FA0-4633-A27C-F866136AC4F9}"
EndProject
Project("{FAE04EC0-301F-11D3-BF4B-00C04F79EFBC}") = "Aula1505_MVC", "Aula1505_MVC\Aula1505_MVC.csproj", "{621C5947-1630-4402-8636-1043A96E92E0}"
EndProject
Project("{FAE04EC0-301F-11D3-BF4B-00C04F79EFBC}") = "Aula2205_Entity", "Aula2205_Entity\Aula2205_Entity.csproj", "{B6D26181-ED0B-48C0-9BDC-CA102B6F0BD6}"
EndProject
Project("{FAE04EC0-301F-11D3-BF4B-00C04F79EFBC}") = "Aula0506_Autenticacao", "Aula0506_Autenticacao\Aula0506_Autenticacao.csproj", "{98A5D52A-759F-4C86-8F08-322A6DBE6B1F}"
EndProject
Global
	GlobalSection(SolutionConfigurationPlatforms) = preSolution
		Debug|Any CPU = Debug|Any CPU
		Release|Any CPU = Release|Any CPU
	EndGlobalSection
	GlobalSection(ProjectConfigurationPlatforms) = postSolution
		{B43736A3-7FA0-4633-A27C-F866136AC4F9}.Debug|Any CPU.ActiveCfg = Debug|Any CPU
		{B43736A3-7FA0-4633-A27C-F866136AC4F9}.Debug|Any CPU.Build.0 = Debug|Any CPU
		{B43736A3-7FA0-4633-A27C-F866136AC4F9}.Release|Any CPU.ActiveCfg = Release|Any CPU
		{B43736A3-7FA0-4633-A27C-F866136AC4F9}.Release|Any CPU.Build.0 = Release|Any CPU
		{621C5947-1630-4402-8636-1043A96E92E0}.Debug|Any CPU.ActiveCfg = Debug|Any CPU
		{621C5947-1630-4402-8636-1043A96E92E0}.Debug|Any CPU.Build.0 = Debug|Any CPU
		{621C5947-1630-4402-8636-1043A96E92E0}.Release|Any CPU.ActiveCfg = Release|Any CPU
		{621C5947-1630-4402-8636-1043A96E92E0}.Release|Any CPU.Build.0 = Release|Any CPU
		{B6D26181-ED0B-48C0-9BDC-CA102B6F0BD6}.Debug|Any CPU.ActiveCfg = Debug|Any CPU
		{B6D26181-ED0B-48C0-9BDC-CA102B6F0BD6}.Debug|Any CPU.Build.0 = Debug|Any CPU
		{B6D26181-ED0B-48C0-9BDC-CA102B6F0BD6}.Release|Any CPU.ActiveCfg = Release|Any CPU
		{B6D26181-ED0B-48C0-9BDC-CA102B6F0BD6}.Release|Any CPU.Build.0 = Release|Any CPU
		{98A5D52A-759F-4C86-8F08-322A6DBE6B1F}.Debug|Any CPU.ActiveCfg = Debug|Any CPU
		{98A5D52A-759F-4C86-8F08-322A6DBE6B1F}.Debug|Any CPU.Build.0 = Debug|Any CPU
		{98A5D52A-759F-4C86-8F08-322A6DBE6B1F}.Release|Any CPU.ActiveCfg = Release|Any CPU
		{98A5D52A-759F-4C86-8F08-322A6DBE6B1F}.Release|Any CPU.Build.0 = Release|Any CPU
	EndGlobalSection
	GlobalSection(SolutionProperties) = preSolution
		HideSolutionNode = FALSE
	EndGlobalSection
	GlobalSection(ExtensibilityGlobals) = postSolution
		SolutionGuid = {8464C8D0-A02C-4DD5-8288-EBEA3220D8F6}
	EndGlobalSection
EndGlobal
